
Microsoft Visual Studio Solution File, Format Version 12.00
# Visual Studio Version 17
VisualStudioVersion = 17.10.35013.160
MinimumVisualStudioVersion = 10.0.40219.1
Project("{9A19103F-16F7-4668-BE54-9A1E7A4F7556}") = "SPTLeftStanceWallFix", "SPTLeftStanceWallFix.csproj", "{B4373BB0-BB54-413C-B913-B5897452763B}"
EndProject
Global
	GlobalSection(SolutionConfigurationPlatforms) = preSolution
		Debug|Any CPU = Debug|Any CPU
		Release|Any CPU = Release|Any CPU
	EndGlobalSection
	GlobalSection(ProjectConfigurationPlatforms) = postSolution
		{B4373BB0-BB54-413C-B913-B5897452763B}.Debug|Any CPU.ActiveCfg = Debug|Any CPU
		{B4373BB0-BB54-413C-B913-B5897452763B}.Debug|Any CPU.Build.0 = Debug|Any CPU
		{B4373BB0-BB54-413C-B913-B5897452763B}.Release|Any CPU.ActiveCfg = Release|Any CPU
		{B4373BB0-BB54-413C-B913-B5897452763B}.Release|Any CPU.Build.0 = Release|Any CPU
	EndGlobalSection
	GlobalSection(SolutionProperties) = preSolution
		HideSolutionNode = FALSE
	EndGlobalSection
	GlobalSection(ExtensibilityGlobals) = postSolution
		SolutionGuid = {52CF60D8-6760-49FE-B237-F48CF16C4D5E}
	EndGlobalSection
EndGlobal
